
Microsoft Visual Studio Solution File, Format Version 12.00
# Visual Studio 15
VisualStudioVersion = 15.0.27130.2024
MinimumVisualStudioVersion = 10.0.40219.1
Project("{FAE04EC0-301F-11D3-BF4B-00C04F79EFBC}") = "Crypto.Android", "Crypto\Crypto.Android\Crypto.Android.csproj", "{FA168FDE-3DA3-46E4-B6D5-49CAFA20DB48}"
EndProject
Project("{FAE04EC0-301F-11D3-BF4B-00C04F79EFBC}") = "Crypto.iOS", "Crypto\Crypto.iOS\Crypto.iOS.csproj", "{0FC91453-3015-43C1-A2DA-B6D19EE846C8}"
EndProject
Project("{9A19103F-16F7-4668-BE54-9A1E7A4F7556}") = "Crypto", "Crypto\Crypto\Crypto.csproj", "{8B7A3C02-CD2B-458D-9FBA-E66E4D4E140F}"
EndProject
Project("{9A19103F-16F7-4668-BE54-9A1E7A4F7556}") = "Crypto.Core", "Crypto.Core\Crypto.Core.csproj", "{CDAEA78F-7B9F-47D1-9A2F-478AAFC56912}"
EndProject
Project("{FAE04EC0-301F-11D3-BF4B-00C04F79EFBC}") = "Crypto.Infrastructure", "Crypto.Infrastructure\Crypto.Infrastructure.csproj", "{D75F6BFF-9610-4D43-9596-FF3E260C544B}"
EndProject
Global
	GlobalSection(SolutionConfigurationPlatforms) = preSolution
		Ad-Hoc|Any CPU = Ad-Hoc|Any CPU
		Ad-Hoc|iPhone = Ad-Hoc|iPhone
		Ad-Hoc|iPhoneSimulator = Ad-Hoc|iPhoneSimulator
		AppStore|Any CPU = AppStore|Any CPU
		AppStore|iPhone = AppStore|iPhone
		AppStore|iPhoneSimulator = AppStore|iPhoneSimulator
		Debug|Any CPU = Debug|Any CPU
		Debug|iPhone = Debug|iPhone
		Debug|iPhoneSimulator = Debug|iPhoneSimulator
		Release|Any CPU = Release|Any CPU
		Release|iPhone = Release|iPhone
		Release|iPhoneSimulator = Release|iPhoneSimulator
	EndGlobalSection
	GlobalSection(ProjectConfigurationPlatforms) = postSolution
		{FA168FDE-3DA3-46E4-B6D5-49CAFA20DB48}.Ad-Hoc|Any CPU.ActiveCfg = Release|Any CPU
		{FA168FDE-3DA3-46E4-B6D5-49CAFA20DB48}.Ad-Hoc|Any CPU.Build.0 = Release|Any CPU
		{FA168FDE-3DA3-46E4-B6D5-49CAFA20DB48}.Ad-Hoc|Any CPU.Deploy.0 = Release|Any CPU
		{FA168FDE-3DA3-46E4-B6D5-49CAFA20DB48}.Ad-Hoc|iPhone.ActiveCfg = Release|Any CPU
		{FA168FDE-3DA3-46E4-B6D5-49CAFA20DB48}.Ad-Hoc|iPhone.Build.0 = Release|Any CPU
		{FA168FDE-3DA3-46E4-B6D5-49CAFA20DB48}.Ad-Hoc|iPhone.Deploy.0 = Release|Any CPU
		{FA168FDE-3DA3-46E4-B6D5-49CAFA20DB48}.Ad-Hoc|iPhoneSimulator.ActiveCfg = Release|Any CPU
		{FA168FDE-3DA3-46E4-B6D5-49CAFA20DB48}.Ad-Hoc|iPhoneSimulator.Build.0 = Release|Any CPU
		{FA168FDE-3DA3-46E4-B6D5-49CAFA20DB48}.Ad-Hoc|iPhoneSimulator.Deploy.0 = Release|Any CPU
		{FA168FDE-3DA3-46E4-B6D5-49CAFA20DB48}.AppStore|Any CPU.ActiveCfg = Release|Any CPU
		{FA168FDE-3DA3-46E4-B6D5-49CAFA20DB48}.AppStore|Any CPU.Build.0 = Release|Any CPU
		{FA168FDE-3DA3-46E4-B6D5-49CAFA20DB48}.AppStore|Any CPU.Deploy.0 = Release|Any CPU
		{FA168FDE-3DA3-46E4-B6D5-49CAFA20DB48}.AppStore|iPhone.ActiveCfg = Release|Any CPU
		{FA168FDE-3DA3-46E4-B6D5-49CAFA20DB48}.AppStore|iPhone.Build.0 = Release|Any CPU
		{FA168FDE-3DA3-46E4-B6D5-49CAFA20DB48}.AppStore|iPhone.Deploy.0 = Release|Any CPU
		{FA168FDE-3DA3-46E4-B6D5-49CAFA20DB48}.AppStore|iPhoneSimulator.ActiveCfg = Release|Any CPU
		{FA168FDE-3DA3-46E4-B6D5-49CAFA20DB48}.AppStore|iPhoneSimulator.Build.0 = Release|Any CPU
		{FA168FDE-3DA3-46E4-B6D5-49CAFA20DB48}.AppStore|iPhoneSimulator.Deploy.0 = Release|Any CPU
		{FA168FDE-3DA3-46E4-B6D5-49CAFA20DB48}.Debug|Any CPU.ActiveCfg = Debug|Any CPU
		{FA168FDE-3DA3-46E4-B6D5-49CAFA20DB48}.Debug|Any CPU.Build.0 = Debug|Any CPU
		{FA168FDE-3DA3-46E4-B6D5-49CAFA20DB48}.Debug|Any CPU.Deploy.0 = Debug|Any CPU
		{FA168FDE-3DA3-46E4-B6D5-49CAFA20DB48}.Debug|iPhone.ActiveCfg = Debug|Any CPU
		{FA168FDE-3DA3-46E4-B6D5-49CAFA20DB48}.Debug|iPhone.Build.0 = Debug|Any CPU
		{FA168FDE-3DA3-46E4-B6D5-49CAFA20DB48}.Debug|iPhone.Deploy.0 = Debug|Any CPU
		{FA168FDE-3DA3-46E4-B6D5-49CAFA20DB48}.Debug|iPhoneSimulator.ActiveCfg = Debug|Any CPU
		{FA168FDE-3DA3-46E4-B6D5-49CAFA20DB48}.Debug|iPhoneSimulator.Build.0 = Debug|Any CPU
		{FA168FDE-3DA3-46E4-B6D5-49CAFA20DB48}.Debug|iPhoneSimulator.Deploy.0 = Debug|Any CPU
		{FA168FDE-3DA3-46E4-B6D5-49CAFA20DB48}.Release|Any CPU.ActiveCfg = Release|Any CPU
		{FA168FDE-3DA3-46E4-B6D5-49CAFA20DB48}.Release|Any CPU.Build.0 = Release|Any CPU
		{FA168FDE-3DA3-46E4-B6D5-49CAFA20DB48}.Release|Any CPU.Deploy.0 = Release|Any CPU
		{FA168FDE-3DA3-46E4-B6D5-49CAFA20DB48}.Release|iPhone.ActiveCfg = Release|Any CPU
		{FA168FDE-3DA3-46E4-B6D5-49CAFA20DB48}.Release|iPhone.Build.0 = Release|Any CPU
		{FA168FDE-3DA3-46E4-B6D5-49CAFA20DB48}.Release|iPhone.Deploy.0 = Release|Any CPU
		{FA168FDE-3DA3-46E4-B6D5-49CAFA20DB48}.Release|iPhoneSimulator.ActiveCfg = Release|Any CPU
		{FA168FDE-3DA3-46E4-B6D5-49CAFA20DB48}.Release|iPhoneSimulator.Build.0 = Release|Any CPU
		{FA168FDE-3DA3-46E4-B6D5-49CAFA20DB48}.Release|iPhoneSimulator.Deploy.0 = Release|Any CPU
		{0FC91453-3015-43C1-A2DA-B6D19EE846C8}.Ad-Hoc|Any CPU.ActiveCfg = Ad-Hoc|iPhone
		{0FC91453-3015-43C1-A2DA-B6D19EE846C8}.Ad-Hoc|iPhone.ActiveCfg = Ad-Hoc|iPhone
		{0FC91453-3015-43C1-A2DA-B6D19EE846C8}.Ad-Hoc|iPhone.Build.0 = Ad-Hoc|iPhone
		{0FC91453-3015-43C1-A2DA-B6D19EE846C8}.Ad-Hoc|iPhoneSimulator.ActiveCfg = Ad-Hoc|iPhoneSimulator
		{0FC91453-3015-43C1-A2DA-B6D19EE846C8}.Ad-Hoc|iPhoneSimulator.Build.0 = Ad-Hoc|iPhoneSimulator
		{0FC91453-3015-43C1-A2DA-B6D19EE846C8}.AppStore|Any CPU.ActiveCfg = AppStore|iPhone
		{0FC91453-3015-43C1-A2DA-B6D19EE846C8}.AppStore|iPhone.ActiveCfg = AppStore|iPhone
		{0FC91453-3015-43C1-A2DA-B6D19EE846C8}.AppStore|iPhone.Build.0 = AppStore|iPhone
		{0FC91453-3015-43C1-A2DA-B6D19EE846C8}.AppStore|iPhoneSimulator.ActiveCfg = AppStore|iPhoneSimulator
		{0FC91453-3015-43C1-A2DA-B6D19EE846C8}.AppStore|iPhoneSimulator.Build.0 = AppStore|iPhoneSimulator
		{0FC91453-3015-43C1-A2DA-B6D19EE846C8}.Debug|Any CPU.ActiveCfg = Debug|iPhone
		{0FC91453-3015-43C1-A2DA-B6D19EE846C8}.Debug|iPhone.ActiveCfg = Debug|iPhone
		{0FC91453-3015-43C1-A2DA-B6D19EE846C8}.Debug|iPhone.Build.0 = Debug|iPhone
		{0FC91453-3015-43C1-A2DA-B6D19EE846C8}.Debug|iPhoneSimulator.ActiveCfg = Debug|iPhoneSimulator
		{0FC91453-3015-43C1-A2DA-B6D19EE846C8}.Debug|iPhoneSimulator.Build.0 = Debug|iPhoneSimulator
		{0FC91453-3015-43C1-A2DA-B6D19EE846C8}.Release|Any CPU.ActiveCfg = Release|iPhone
		{0FC91453-3015-43C1-A2DA-B6D19EE846C8}.Release|iPhone.ActiveCfg = Release|iPhone
		{0FC91453-3015-43C1-A2DA-B6D19EE846C8}.Release|iPhone.Build.0 = Release|iPhone
		{0FC91453-3015-43C1-A2DA-B6D19EE846C8}.Release|iPhoneSimulator.ActiveCfg = Release|iPhoneSimulator
		{0FC91453-3015-43C1-A2DA-B6D19EE846C8}.Release|iPhoneSimulator.Build.0 = Release|iPhoneSimulator
		{8B7A3C02-CD2B-458D-9FBA-E66E4D4E140F}.Ad-Hoc|Any CPU.ActiveCfg = Debug|Any CPU
		{8B7A3C02-CD2B-458D-9FBA-E66E4D4E140F}.Ad-Hoc|Any CPU.Build.0 = Debug|Any CPU
		{8B7A3C02-CD2B-458D-9FBA-E66E4D4E140F}.Ad-Hoc|iPhone.ActiveCfg = Debug|Any CPU
		{8B7A3C02-CD2B-458D-9FBA-E66E4D4E140F}.Ad-Hoc|iPhone.Build.0 = Debug|Any CPU
		{8B7A3C02-CD2B-458D-9FBA-E66E4D4E140F}.Ad-Hoc|iPhoneSimulator.ActiveCfg = Debug|Any CPU
		{8B7A3C02-CD2B-458D-9FBA-E66E4D4E140F}.Ad-Hoc|iPhoneSimulator.Build.0 = Debug|Any CPU
		{8B7A3C02-CD2B-458D-9FBA-E66E4D4E140F}.AppStore|Any CPU.ActiveCfg = Debug|Any CPU
		{8B7A3C02-CD2B-458D-9FBA-E66E4D4E140F}.AppStore|Any CPU.Build.0 = Debug|Any CPU
		{8B7A3C02-CD2B-458D-9FBA-E66E4D4E140F}.AppStore|iPhone.ActiveCfg = Debug|Any CPU
		{8B7A3C02-CD2B-458D-9FBA-E66E4D4E140F}.AppStore|iPhone.Build.0 = Debug|Any CPU
		{8B7A3C02-CD2B-458D-9FBA-E66E4D4E140F}.AppStore|iPhoneSimulator.ActiveCfg = Debug|Any CPU
		{8B7A3C02-CD2B-458D-9FBA-E66E4D4E140F}.AppStore|iPhoneSimulator.Build.0 = Debug|Any CPU
		{8B7A3C02-CD2B-458D-9FBA-E66E4D4E140F}.Debug|Any CPU.ActiveCfg = Debug|Any CPU
		{8B7A3C02-CD2B-458D-9FBA-E66E4D4E140F}.Debug|Any CPU.Build.0 = Debug|Any CPU
		{8B7A3C02-CD2B-458D-9FBA-E66E4D4E140F}.Debug|iPhone.ActiveCfg = Debug|Any CPU
		{8B7A3C02-CD2B-458D-9FBA-E66E4D4E140F}.Debug|iPhone.Build.0 = Debug|Any CPU
		{8B7A3C02-CD2B-458D-9FBA-E66E4D4E140F}.Debug|iPhoneSimulator.ActiveCfg = Debug|Any CPU
		{8B7A3C02-CD2B-458D-9FBA-E66E4D4E140F}.Debug|iPhoneSimulator.Build.0 = Debug|Any CPU
		{8B7A3C02-CD2B-458D-9FBA-E66E4D4E140F}.Release|Any CPU.ActiveCfg = Release|Any CPU
		{8B7A3C02-CD2B-458D-9FBA-E66E4D4E140F}.Release|Any CPU.Build.0 = Release|Any CPU
		{8B7A3C02-CD2B-458D-9FBA-E66E4D4E140F}.Release|iPhone.ActiveCfg = Release|Any CPU
		{8B7A3C02-CD2B-458D-9FBA-E66E4D4E140F}.Release|iPhone.Build.0 = Release|Any CPU
		{8B7A3C02-CD2B-458D-9FBA-E66E4D4E140F}.Release|iPhoneSimulator.ActiveCfg = Release|Any CPU
		{8B7A3C02-CD2B-458D-9FBA-E66E4D4E140F}.Release|iPhoneSimulator.Build.0 = Release|Any CPU
		{CDAEA78F-7B9F-47D1-9A2F-478AAFC56912}.Ad-Hoc|Any CPU.ActiveCfg = Debug|Any CPU
		{CDAEA78F-7B9F-47D1-9A2F-478AAFC56912}.Ad-Hoc|Any CPU.Build.0 = Debug|Any CPU
		{CDAEA78F-7B9F-47D1-9A2F-478AAFC56912}.Ad-Hoc|iPhone.ActiveCfg = Debug|Any CPU
		{CDAEA78F-7B9F-47D1-9A2F-478AAFC56912}.Ad-Hoc|iPhone.Build.0 = Debug|Any CPU
		{CDAEA78F-7B9F-47D1-9A2F-478AAFC56912}.Ad-Hoc|iPhoneSimulator.ActiveCfg = Debug|Any CPU
		{CDAEA78F-7B9F-47D1-9A2F-478AAFC56912}.Ad-Hoc|iPhoneSimulator.Build.0 = Debug|Any CPU
		{CDAEA78F-7B9F-47D1-9A2F-478AAFC56912}.AppStore|Any CPU.ActiveCfg = Debug|Any CPU
		{CDAEA78F-7B9F-47D1-9A2F-478AAFC56912}.AppStore|Any CPU.Build.0 = Debug|Any CPU
		{CDAEA78F-7B9F-47D1-9A2F-478AAFC56912}.AppStore|iPhone.ActiveCfg = Debug|Any CPU
		{CDAEA78F-7B9F-47D1-9A2F-478AAFC56912}.AppStore|iPhone.Build.0 = Debug|Any CPU
		{CDAEA78F-7B9F-47D1-9A2F-478AAFC56912}.AppStore|iPhoneSimulator.ActiveCfg = Debug|Any CPU
		{CDAEA78F-7B9F-47D1-9A2F-478AAFC56912}.AppStore|iPhoneSimulator.Build.0 = Debug|Any CPU
		{CDAEA78F-7B9F-47D1-9A2F-478AAFC56912}.Debug|Any CPU.ActiveCfg = Debug|Any CPU
		{CDAEA78F-7B9F-47D1-9A2F-478AAFC56912}.Debug|Any CPU.Build.0 = Debug|Any CPU
		{CDAEA78F-7B9F-47D1-9A2F-478AAFC56912}.Debug|iPhone.ActiveCfg = Debug|Any CPU
		{CDAEA78F-7B9F-47D1-9A2F-478AAFC56912}.Debug|iPhone.Build.0 = Debug|Any CPU
		{CDAEA78F-7B9F-47D1-9A2F-478AAFC56912}.Debug|iPhoneSimulator.ActiveCfg = Debug|Any CPU
		{CDAEA78F-7B9F-47D1-9A2F-478AAFC56912}.Debug|iPhoneSimulator.Build.0 = Debug|Any CPU
		{CDAEA78F-7B9F-47D1-9A2F-478AAFC56912}.Release|Any CPU.ActiveCfg = Release|Any CPU
		{CDAEA78F-7B9F-47D1-9A2F-478AAFC56912}.Release|Any CPU.Build.0 = Release|Any CPU
		{CDAEA78F-7B9F-47D1-9A2F-478AAFC56912}.Release|iPhone.ActiveCfg = Release|Any CPU
		{CDAEA78F-7B9F-47D1-9A2F-478AAFC56912}.Release|iPhone.Build.0 = Release|Any CPU
		{CDAEA78F-7B9F-47D1-9A2F-478AAFC56912}.Release|iPhoneSimulator.ActiveCfg = Release|Any CPU
		{CDAEA78F-7B9F-47D1-9A2F-478AAFC56912}.Release|iPhoneSimulator.Build.0 = Release|Any CPU
		{D75F6BFF-9610-4D43-9596-FF3E260C544B}.Ad-Hoc|Any CPU.ActiveCfg = Debug|Any CPU
		{D75F6BFF-9610-4D43-9596-FF3E260C544B}.Ad-Hoc|Any CPU.Build.0 = Debug|Any CPU
		{D75F6BFF-9610-4D43-9596-FF3E260C544B}.Ad-Hoc|iPhone.ActiveCfg = Debug|Any CPU
		{D75F6BFF-9610-4D43-9596-FF3E260C544B}.Ad-Hoc|iPhone.Build.0 = Debug|Any CPU
		{D75F6BFF-9610-4D43-9596-FF3E260C544B}.Ad-Hoc|iPhoneSimulator.ActiveCfg = Debug|Any CPU
		{D75F6BFF-9610-4D43-9596-FF3E260C544B}.Ad-Hoc|iPhoneSimulator.Build.0 = Debug|Any CPU
		{D75F6BFF-9610-4D43-9596-FF3E260C544B}.AppStore|Any CPU.ActiveCfg = Debug|Any CPU
		{D75F6BFF-9610-4D43-9596-FF3E260C544B}.AppStore|Any CPU.Build.0 = Debug|Any CPU
		{D75F6BFF-9610-4D43-9596-FF3E260C544B}.AppStore|iPhone.ActiveCfg = Debug|Any CPU
		{D75F6BFF-9610-4D43-9596-FF3E260C544B}.AppStore|iPhone.Build.0 = Debug|Any CPU
		{D75F6BFF-9610-4D43-9596-FF3E260C544B}.AppStore|iPhoneSimulator.ActiveCfg = Debug|Any CPU
		{D75F6BFF-9610-4D43-9596-FF3E260C544B}.AppStore|iPhoneSimulator.Build.0 = Debug|Any CPU
		{D75F6BFF-9610-4D43-9596-FF3E260C544B}.Debug|Any CPU.ActiveCfg = Debug|Any CPU
		{D75F6BFF-9610-4D43-9596-FF3E260C544B}.Debug|Any CPU.Build.0 = Debug|Any CPU
		{D75F6BFF-9610-4D43-9596-FF3E260C544B}.Debug|iPhone.ActiveCfg = Debug|Any CPU
		{D75F6BFF-9610-4D43-9596-FF3E260C544B}.Debug|iPhone.Build.0 = Debug|Any CPU
		{D75F6BFF-9610-4D43-9596-FF3E260C544B}.Debug|iPhoneSimulator.ActiveCfg = Debug|Any CPU
		{D75F6BFF-9610-4D43-9596-FF3E260C544B}.Debug|iPhoneSimulator.Build.0 = Debug|Any CPU
		{D75F6BFF-9610-4D43-9596-FF3E260C544B}.Release|Any CPU.ActiveCfg = Release|Any CPU
		{D75F6BFF-9610-4D43-9596-FF3E260C544B}.Release|Any CPU.Build.0 = Release|Any CPU
		{D75F6BFF-9610-4D43-9596-FF3E260C544B}.Release|iPhone.ActiveCfg = Release|Any CPU
		{D75F6BFF-9610-4D43-9596-FF3E260C544B}.Release|iPhone.Build.0 = Release|Any CPU
		{D75F6BFF-9610-4D43-9596-FF3E260C544B}.Release|iPhoneSimulator.ActiveCfg = Release|Any CPU
		{D75F6BFF-9610-4D43-9596-FF3E260C544B}.Release|iPhoneSimulator.Build.0 = Release|Any CPU
	EndGlobalSection
	GlobalSection(SolutionProperties) = preSolution
		HideSolutionNode = FALSE
	EndGlobalSection
	GlobalSection(ExtensibilityGlobals) = postSolution
		SolutionGuid = {E746EB27-A43E-4C4D-B6D3-338EB02A0724}
	EndGlobalSection
EndGlobal
